
Microsoft Visual Studio Solution File, Format Version 12.00
# Visual Studio Version 16
VisualStudioVersion = 16.0.31702.278
MinimumVisualStudioVersion = 10.0.40219.1
Project("{FAE04EC0-301F-11D3-BF4B-00C04F79EFBC}") = "Classwork01042022", "Classwork01042022.csproj", "{4A51CE2C-C297-4459-A2B1-9D2BBFF7CF55}"
EndProject
Global
	GlobalSection(SolutionConfigurationPlatforms) = preSolution
		Debug|Any CPU = Debug|Any CPU
		Release|Any CPU = Release|Any CPU
	EndGlobalSection
	GlobalSection(ProjectConfigurationPlatforms) = postSolution
		{4A51CE2C-C297-4459-A2B1-9D2BBFF7CF55}.Debug|Any CPU.ActiveCfg = Debug|Any CPU
		{4A51CE2C-C297-4459-A2B1-9D2BBFF7CF55}.Debug|Any CPU.Build.0 = Debug|Any CPU
		{4A51CE2C-C297-4459-A2B1-9D2BBFF7CF55}.Release|Any CPU.ActiveCfg = Release|Any CPU
		{4A51CE2C-C297-4459-A2B1-9D2BBFF7CF55}.Release|Any CPU.Build.0 = Release|Any CPU
	EndGlobalSection
	GlobalSection(SolutionProperties) = preSolution
		HideSolutionNode = FALSE
	EndGlobalSection
	GlobalSection(ExtensibilityGlobals) = postSolution
		SolutionGuid = {276E3E21-562B-4CAB-94BF-8ECC4D9099D9}
	EndGlobalSection
EndGlobal
